
Microsoft Visual Studio Solution File, Format Version 12.00
Project("{FAE04EC0-301F-11D3-BF4B-00C04F79EFBC}") = "Session01", "Session01\Session01.csproj", "{1DE6C214-05E8-4D04-A4BD-2C13FDEAE32C}"
EndProject
Project("{FAE04EC0-301F-11D3-BF4B-00C04F79EFBC}") = "bai2", "bai2\bai2.csproj", "{CC682200-A62C-4CC0-AA14-F58A53D2ECB9}"
EndProject
Project("{FAE04EC0-301F-11D3-BF4B-00C04F79EFBC}") = "Bai3", "Bai3\Bai3.csproj", "{9BB69410-ACBE-4843-AA57-494EC368E293}"
EndProject
Project("{FAE04EC0-301F-11D3-BF4B-00C04F79EFBC}") = "Bai4", "Bai4\Bai4.csproj", "{B1B9DB27-510A-4E71-A01A-1E491DCEE5CD}"
EndProject
Project("{FAE04EC0-301F-11D3-BF4B-00C04F79EFBC}") = "QLDP", "QLDP\QLDP.csproj", "{21014A91-90DE-44BC-A317-A718A3520301}"
EndProject
Project("{FAE04EC0-301F-11D3-BF4B-00C04F79EFBC}") = "Lab2", "Lab2\Lab2.csproj", "{25450E1F-9D46-4D91-9972-2F88A61AF0DD}"
EndProject
Project("{FAE04EC0-301F-11D3-BF4B-00C04F79EFBC}") = "Lab3", "Lab3\Lab3.csproj", "{47EAAC63-3309-4D4E-B4EC-4D4D0699C05E}"
EndProject
Project("{FAE04EC0-301F-11D3-BF4B-00C04F79EFBC}") = "QuanLyDuongPho", "QuanLyDuongPho\QuanLyDuongPho.csproj", "{0FCA74B1-1A6A-4A51-96EF-2426FDE1628C}"
EndProject
Project("{FAE04EC0-301F-11D3-BF4B-00C04F79EFBC}") = "QuanLySInhVien", "QuanLySInhVien\QuanLySInhVien.csproj", "{E73B8326-EB07-436F-A323-3EEEFF147507}"
EndProject
Project("{FAE04EC0-301F-11D3-BF4B-00C04F79EFBC}") = "SpringHeroBank", "SpringHeroBank\SpringHeroBank.csproj", "{EE5133E1-989F-4706-B137-6EFE6A2210C6}"
EndProject
Project("{FAE04EC0-301F-11D3-BF4B-00C04F79EFBC}") = "Lab5", "Lab5\Lab5.csproj", "{C898E196-E8EC-45BB-9154-17F65DA1CE3D}"
EndProject
Project("{FAE04EC0-301F-11D3-BF4B-00C04F79EFBC}") = "Lab6", "Lab6\Lab6.csproj", "{1DA79B9A-ADAC-47F9-BADC-FD35E2770080}"
EndProject
Project("{FAE04EC0-301F-11D3-BF4B-00C04F79EFBC}") = "Lap4", "Lap4\Lap4.csproj", "{6F682824-8ABB-44E0-9F22-C7DE7D3A6367}"
EndProject
Project("{FAE04EC0-301F-11D3-BF4B-00C04F79EFBC}") = "HiTrader", "HiTrader\HiTrader.csproj", "{B3FFEE9D-34EE-4DFA-9C3C-11A83B962337}"
EndProject
Project("{FAE04EC0-301F-11D3-BF4B-00C04F79EFBC}") = "EvenAndDeledate", "EvenAndDeledate\EvenAndDeledate.csproj", "{7A19BB97-569A-4384-ADFB-19BD00693CED}"
EndProject
Project("{FAE04EC0-301F-11D3-BF4B-00C04F79EFBC}") = "Lab7", "Lab7\Lab7.csproj", "{412D927E-C505-485A-9C15-6F582A449CA2}"
EndProject
Project("{FAE04EC0-301F-11D3-BF4B-00C04F79EFBC}") = "Lab8", "Lab8\Lab8.csproj", "{75EEABBA-9D7C-4E84-977C-52FF04C2DB56}"
EndProject
Project("{FAE04EC0-301F-11D3-BF4B-00C04F79EFBC}") = "QuanLySanPham", "QuanLySanPham\QuanLySanPham.csproj", "{42A388FD-F7D9-422B-93F7-71099171C274}"
EndProject
Project("{FAE04EC0-301F-11D3-BF4B-00C04F79EFBC}") = "QuanLyDanhba", "QuanLyDanhba\QuanLyDanhba.csproj", "{08EF271D-79D8-4B2D-950B-73C4C5C84FF3}"
EndProject
Project("{FAE04EC0-301F-11D3-BF4B-00C04F79EFBC}") = "ThietKeChuongTrinhCshap", "ThietKeChuongTrinhCshap\ThietKeChuongTrinhCshap.csproj", "{8EEEDE3E-BD57-4285-A5AE-7562F7D3231C}"
EndProject
Project("{FAE04EC0-301F-11D3-BF4B-00C04F79EFBC}") = "TimSoNguyenTo", "TimSoNguyenTo\TimSoNguyenTo.csproj", "{593D0702-2BEE-477A-897C-08A611CCE179}"
EndProject
Project("{FAE04EC0-301F-11D3-BF4B-00C04F79EFBC}") = "BaiTap4", "BaiTap4\BaiTap4.csproj", "{0414439B-F0A2-4DEE-9759-CAC232218FE5}"
EndProject
Project("{FAE04EC0-301F-11D3-BF4B-00C04F79EFBC}") = "StoreManager", "StoreManager\StoreManager.csproj", "{B028E3B8-3452-4FF8-8B71-CC6BF9E440B3}"
EndProject
Global
	GlobalSection(SolutionConfigurationPlatforms) = preSolution
		Debug|Any CPU = Debug|Any CPU
		Release|Any CPU = Release|Any CPU
	EndGlobalSection
	GlobalSection(ProjectConfigurationPlatforms) = postSolution
		{1DE6C214-05E8-4D04-A4BD-2C13FDEAE32C}.Debug|Any CPU.ActiveCfg = Debug|Any CPU
		{1DE6C214-05E8-4D04-A4BD-2C13FDEAE32C}.Debug|Any CPU.Build.0 = Debug|Any CPU
		{1DE6C214-05E8-4D04-A4BD-2C13FDEAE32C}.Release|Any CPU.ActiveCfg = Release|Any CPU
		{1DE6C214-05E8-4D04-A4BD-2C13FDEAE32C}.Release|Any CPU.Build.0 = Release|Any CPU
		{CC682200-A62C-4CC0-AA14-F58A53D2ECB9}.Debug|Any CPU.ActiveCfg = Debug|Any CPU
		{CC682200-A62C-4CC0-AA14-F58A53D2ECB9}.Debug|Any CPU.Build.0 = Debug|Any CPU
		{CC682200-A62C-4CC0-AA14-F58A53D2ECB9}.Release|Any CPU.ActiveCfg = Release|Any CPU
		{CC682200-A62C-4CC0-AA14-F58A53D2ECB9}.Release|Any CPU.Build.0 = Release|Any CPU
		{9BB69410-ACBE-4843-AA57-494EC368E293}.Debug|Any CPU.ActiveCfg = Debug|Any CPU
		{9BB69410-ACBE-4843-AA57-494EC368E293}.Debug|Any CPU.Build.0 = Debug|Any CPU
		{9BB69410-ACBE-4843-AA57-494EC368E293}.Release|Any CPU.ActiveCfg = Release|Any CPU
		{9BB69410-ACBE-4843-AA57-494EC368E293}.Release|Any CPU.Build.0 = Release|Any CPU
		{B1B9DB27-510A-4E71-A01A-1E491DCEE5CD}.Debug|Any CPU.ActiveCfg = Debug|Any CPU
		{B1B9DB27-510A-4E71-A01A-1E491DCEE5CD}.Debug|Any CPU.Build.0 = Debug|Any CPU
		{B1B9DB27-510A-4E71-A01A-1E491DCEE5CD}.Release|Any CPU.ActiveCfg = Release|Any CPU
		{B1B9DB27-510A-4E71-A01A-1E491DCEE5CD}.Release|Any CPU.Build.0 = Release|Any CPU
		{21014A91-90DE-44BC-A317-A718A3520301}.Debug|Any CPU.ActiveCfg = Debug|Any CPU
		{21014A91-90DE-44BC-A317-A718A3520301}.Debug|Any CPU.Build.0 = Debug|Any CPU
		{21014A91-90DE-44BC-A317-A718A3520301}.Release|Any CPU.ActiveCfg = Release|Any CPU
		{21014A91-90DE-44BC-A317-A718A3520301}.Release|Any CPU.Build.0 = Release|Any CPU
		{25450E1F-9D46-4D91-9972-2F88A61AF0DD}.Debug|Any CPU.ActiveCfg = Debug|Any CPU
		{25450E1F-9D46-4D91-9972-2F88A61AF0DD}.Debug|Any CPU.Build.0 = Debug|Any CPU
		{25450E1F-9D46-4D91-9972-2F88A61AF0DD}.Release|Any CPU.ActiveCfg = Release|Any CPU
		{25450E1F-9D46-4D91-9972-2F88A61AF0DD}.Release|Any CPU.Build.0 = Release|Any CPU
		{47EAAC63-3309-4D4E-B4EC-4D4D0699C05E}.Debug|Any CPU.ActiveCfg = Debug|Any CPU
		{47EAAC63-3309-4D4E-B4EC-4D4D0699C05E}.Debug|Any CPU.Build.0 = Debug|Any CPU
		{47EAAC63-3309-4D4E-B4EC-4D4D0699C05E}.Release|Any CPU.ActiveCfg = Release|Any CPU
		{47EAAC63-3309-4D4E-B4EC-4D4D0699C05E}.Release|Any CPU.Build.0 = Release|Any CPU
		{0FCA74B1-1A6A-4A51-96EF-2426FDE1628C}.Debug|Any CPU.ActiveCfg = Debug|Any CPU
		{0FCA74B1-1A6A-4A51-96EF-2426FDE1628C}.Debug|Any CPU.Build.0 = Debug|Any CPU
		{0FCA74B1-1A6A-4A51-96EF-2426FDE1628C}.Release|Any CPU.ActiveCfg = Release|Any CPU
		{0FCA74B1-1A6A-4A51-96EF-2426FDE1628C}.Release|Any CPU.Build.0 = Release|Any CPU
		{E73B8326-EB07-436F-A323-3EEEFF147507}.Debug|Any CPU.ActiveCfg = Debug|Any CPU
		{E73B8326-EB07-436F-A323-3EEEFF147507}.Debug|Any CPU.Build.0 = Debug|Any CPU
		{E73B8326-EB07-436F-A323-3EEEFF147507}.Release|Any CPU.ActiveCfg = Release|Any CPU
		{E73B8326-EB07-436F-A323-3EEEFF147507}.Release|Any CPU.Build.0 = Release|Any CPU
		{EE5133E1-989F-4706-B137-6EFE6A2210C6}.Debug|Any CPU.ActiveCfg = Debug|Any CPU
		{EE5133E1-989F-4706-B137-6EFE6A2210C6}.Debug|Any CPU.Build.0 = Debug|Any CPU
		{EE5133E1-989F-4706-B137-6EFE6A2210C6}.Release|Any CPU.ActiveCfg = Release|Any CPU
		{EE5133E1-989F-4706-B137-6EFE6A2210C6}.Release|Any CPU.Build.0 = Release|Any CPU
		{C898E196-E8EC-45BB-9154-17F65DA1CE3D}.Debug|Any CPU.ActiveCfg = Debug|Any CPU
		{C898E196-E8EC-45BB-9154-17F65DA1CE3D}.Debug|Any CPU.Build.0 = Debug|Any CPU
		{C898E196-E8EC-45BB-9154-17F65DA1CE3D}.Release|Any CPU.ActiveCfg = Release|Any CPU
		{C898E196-E8EC-45BB-9154-17F65DA1CE3D}.Release|Any CPU.Build.0 = Release|Any CPU
		{1DA79B9A-ADAC-47F9-BADC-FD35E2770080}.Debug|Any CPU.ActiveCfg = Debug|Any CPU
		{1DA79B9A-ADAC-47F9-BADC-FD35E2770080}.Debug|Any CPU.Build.0 = Debug|Any CPU
		{1DA79B9A-ADAC-47F9-BADC-FD35E2770080}.Release|Any CPU.ActiveCfg = Release|Any CPU
		{1DA79B9A-ADAC-47F9-BADC-FD35E2770080}.Release|Any CPU.Build.0 = Release|Any CPU
		{6F682824-8ABB-44E0-9F22-C7DE7D3A6367}.Debug|Any CPU.ActiveCfg = Debug|Any CPU
		{6F682824-8ABB-44E0-9F22-C7DE7D3A6367}.Debug|Any CPU.Build.0 = Debug|Any CPU
		{6F682824-8ABB-44E0-9F22-C7DE7D3A6367}.Release|Any CPU.ActiveCfg = Release|Any CPU
		{6F682824-8ABB-44E0-9F22-C7DE7D3A6367}.Release|Any CPU.Build.0 = Release|Any CPU
		{B3FFEE9D-34EE-4DFA-9C3C-11A83B962337}.Debug|Any CPU.ActiveCfg = Debug|Any CPU
		{B3FFEE9D-34EE-4DFA-9C3C-11A83B962337}.Debug|Any CPU.Build.0 = Debug|Any CPU
		{B3FFEE9D-34EE-4DFA-9C3C-11A83B962337}.Release|Any CPU.ActiveCfg = Release|Any CPU
		{B3FFEE9D-34EE-4DFA-9C3C-11A83B962337}.Release|Any CPU.Build.0 = Release|Any CPU
		{7A19BB97-569A-4384-ADFB-19BD00693CED}.Debug|Any CPU.ActiveCfg = Debug|Any CPU
		{7A19BB97-569A-4384-ADFB-19BD00693CED}.Debug|Any CPU.Build.0 = Debug|Any CPU
		{7A19BB97-569A-4384-ADFB-19BD00693CED}.Release|Any CPU.ActiveCfg = Release|Any CPU
		{7A19BB97-569A-4384-ADFB-19BD00693CED}.Release|Any CPU.Build.0 = Release|Any CPU
		{412D927E-C505-485A-9C15-6F582A449CA2}.Debug|Any CPU.ActiveCfg = Debug|Any CPU
		{412D927E-C505-485A-9C15-6F582A449CA2}.Debug|Any CPU.Build.0 = Debug|Any CPU
		{412D927E-C505-485A-9C15-6F582A449CA2}.Release|Any CPU.ActiveCfg = Release|Any CPU
		{412D927E-C505-485A-9C15-6F582A449CA2}.Release|Any CPU.Build.0 = Release|Any CPU
		{75EEABBA-9D7C-4E84-977C-52FF04C2DB56}.Debug|Any CPU.ActiveCfg = Debug|Any CPU
		{75EEABBA-9D7C-4E84-977C-52FF04C2DB56}.Debug|Any CPU.Build.0 = Debug|Any CPU
		{75EEABBA-9D7C-4E84-977C-52FF04C2DB56}.Release|Any CPU.ActiveCfg = Release|Any CPU
		{75EEABBA-9D7C-4E84-977C-52FF04C2DB56}.Release|Any CPU.Build.0 = Release|Any CPU
		{42A388FD-F7D9-422B-93F7-71099171C274}.Debug|Any CPU.ActiveCfg = Debug|Any CPU
		{42A388FD-F7D9-422B-93F7-71099171C274}.Debug|Any CPU.Build.0 = Debug|Any CPU
		{42A388FD-F7D9-422B-93F7-71099171C274}.Release|Any CPU.ActiveCfg = Release|Any CPU
		{42A388FD-F7D9-422B-93F7-71099171C274}.Release|Any CPU.Build.0 = Release|Any CPU
		{08EF271D-79D8-4B2D-950B-73C4C5C84FF3}.Debug|Any CPU.ActiveCfg = Debug|Any CPU
		{08EF271D-79D8-4B2D-950B-73C4C5C84FF3}.Debug|Any CPU.Build.0 = Debug|Any CPU
		{08EF271D-79D8-4B2D-950B-73C4C5C84FF3}.Release|Any CPU.ActiveCfg = Release|Any CPU
		{08EF271D-79D8-4B2D-950B-73C4C5C84FF3}.Release|Any CPU.Build.0 = Release|Any CPU
		{8EEEDE3E-BD57-4285-A5AE-7562F7D3231C}.Debug|Any CPU.ActiveCfg = Debug|Any CPU
		{8EEEDE3E-BD57-4285-A5AE-7562F7D3231C}.Debug|Any CPU.Build.0 = Debug|Any CPU
		{8EEEDE3E-BD57-4285-A5AE-7562F7D3231C}.Release|Any CPU.ActiveCfg = Release|Any CPU
		{8EEEDE3E-BD57-4285-A5AE-7562F7D3231C}.Release|Any CPU.Build.0 = Release|Any CPU
		{593D0702-2BEE-477A-897C-08A611CCE179}.Debug|Any CPU.ActiveCfg = Debug|Any CPU
		{593D0702-2BEE-477A-897C-08A611CCE179}.Debug|Any CPU.Build.0 = Debug|Any CPU
		{593D0702-2BEE-477A-897C-08A611CCE179}.Release|Any CPU.ActiveCfg = Release|Any CPU
		{593D0702-2BEE-477A-897C-08A611CCE179}.Release|Any CPU.Build.0 = Release|Any CPU
		{0414439B-F0A2-4DEE-9759-CAC232218FE5}.Debug|Any CPU.ActiveCfg = Debug|Any CPU
		{0414439B-F0A2-4DEE-9759-CAC232218FE5}.Debug|Any CPU.Build.0 = Debug|Any CPU
		{0414439B-F0A2-4DEE-9759-CAC232218FE5}.Release|Any CPU.ActiveCfg = Release|Any CPU
		{0414439B-F0A2-4DEE-9759-CAC232218FE5}.Release|Any CPU.Build.0 = Release|Any CPU
		{B028E3B8-3452-4FF8-8B71-CC6BF9E440B3}.Debug|Any CPU.ActiveCfg = Debug|Any CPU
		{B028E3B8-3452-4FF8-8B71-CC6BF9E440B3}.Debug|Any CPU.Build.0 = Debug|Any CPU
		{B028E3B8-3452-4FF8-8B71-CC6BF9E440B3}.Release|Any CPU.ActiveCfg = Release|Any CPU
		{B028E3B8-3452-4FF8-8B71-CC6BF9E440B3}.Release|Any CPU.Build.0 = Release|Any CPU
	EndGlobalSection
EndGlobal
